
Microsoft Visual Studio Solution File, Format Version 12.00
# Visual Studio Version 16
VisualStudioVersion = 16.0.32002.261
MinimumVisualStudioVersion = 10.0.40219.1
Project("{FAE04EC0-301F-11D3-BF4B-00C04F79EFBC}") = "Fnaf99", "Fnaf99\Fnaf99.csproj", "{4C55314A-8520-4459-A674-C5364F0064E2}"
EndProject
Project("{FAE04EC0-301F-11D3-BF4B-00C04F79EFBC}") = "SDKGenerator", "SDKGenerator\SDKGenerator.csproj", "{B288C074-165A-42E6-AA6B-95006658BBD5}"
EndProject
Global
	GlobalSection(SolutionConfigurationPlatforms) = preSolution
		Debug|Any CPU = Debug|Any CPU
		Debug|x64 = Debug|x64
		Release|Any CPU = Release|Any CPU
		Release|x64 = Release|x64
	EndGlobalSection
	GlobalSection(ProjectConfigurationPlatforms) = postSolution
		{4C55314A-8520-4459-A674-C5364F0064E2}.Debug|Any CPU.ActiveCfg = Debug|Any CPU
		{4C55314A-8520-4459-A674-C5364F0064E2}.Debug|Any CPU.Build.0 = Debug|Any CPU
		{4C55314A-8520-4459-A674-C5364F0064E2}.Debug|x64.ActiveCfg = Debug|x64
		{4C55314A-8520-4459-A674-C5364F0064E2}.Debug|x64.Build.0 = Debug|x64
		{4C55314A-8520-4459-A674-C5364F0064E2}.Release|Any CPU.ActiveCfg = Release|Any CPU
		{4C55314A-8520-4459-A674-C5364F0064E2}.Release|Any CPU.Build.0 = Release|Any CPU
		{4C55314A-8520-4459-A674-C5364F0064E2}.Release|x64.ActiveCfg = Release|x64
		{4C55314A-8520-4459-A674-C5364F0064E2}.Release|x64.Build.0 = Release|x64
		{B288C074-165A-42E6-AA6B-95006658BBD5}.Debug|Any CPU.ActiveCfg = Debug|Any CPU
		{B288C074-165A-42E6-AA6B-95006658BBD5}.Debug|Any CPU.Build.0 = Debug|Any CPU
		{B288C074-165A-42E6-AA6B-95006658BBD5}.Debug|x64.ActiveCfg = Debug|Any CPU
		{B288C074-165A-42E6-AA6B-95006658BBD5}.Debug|x64.Build.0 = Debug|Any CPU
		{B288C074-165A-42E6-AA6B-95006658BBD5}.Release|Any CPU.ActiveCfg = Release|Any CPU
		{B288C074-165A-42E6-AA6B-95006658BBD5}.Release|Any CPU.Build.0 = Release|Any CPU
		{B288C074-165A-42E6-AA6B-95006658BBD5}.Release|x64.ActiveCfg = Release|Any CPU
		{B288C074-165A-42E6-AA6B-95006658BBD5}.Release|x64.Build.0 = Release|Any CPU
	EndGlobalSection
	GlobalSection(SolutionProperties) = preSolution
		HideSolutionNode = FALSE
	EndGlobalSection
	GlobalSection(ExtensibilityGlobals) = postSolution
		SolutionGuid = {612FA6E2-6B17-4C87-866F-9D4962E9F4E8}
	EndGlobalSection
EndGlobal
